port: 7890
socks-port: 7891
redir-port: 7893
tproxy-port: 7894
mixed-port: 7892
allow-lan: true
lan-allowed-ips:
    - 0.0.0.0/0
    - ::/0
bind-address: 127.0.0.1
mode: rule
keep-alive-interval: 15
keep-alive-idle: 15
ipv6: true
disable-keep-alive: false
find-process-mode: strict
log-level: debug
unified-delay: false
tcp-concurrent: true
external-controller: 127.0.0.1:9090
external-controller-cors:
    allow-origins:
      - '*'
    allow-private-network: true
external-controller-tls: 127.0.0.1:9443
external-ui: ui
external-ui-url: "https://github.com/MetaCubeX/metacubexd/archive/refs/heads/gh-pages.zip"
global-client-fingerprint: random
routing-mark: 6666
interface-name: en0
geodata-mode: true
geodata-loader: memconservative
global-ua: clash.meta
etag-support: true
profile:
    store-selected: true
    store-fake-ip: true
geo-auto-update: false
geo-update-interval: 24
geox-url:
    geoip: "https://cdn.jsdelivr.net/gh/Loyalsoldier/v2ray-rules-dat@release/geoip.dat"
    geosite: "https://cdn.jsdelivr.net/gh/Loyalsoldier/v2ray-rules-dat@release/geosite.dat"
    mmdb: "https://cdn.jsdelivr.net/gh/Loyalsoldier/geoip@release/Country.mmdb"
    asn: "https://cdn.jsdelivr.net/gh/Loyalsoldier/geoip@release/GeoLite2-ASN.mmdb"
hosts:
    '*.clash.dev': '127.0.0.1'
    '.dev': '127.0.0.1'
    'alpha.clash.dev': '::1'
sniffer:
    enable: true
    sniff:
      HTTP:
         ports: [80, 8080-8880]
         override-destination: true
      TLS:
         ports: [443, 8443]
      QUIC:
         ports: [443, 8443]
    skip-domain:
      - '*.pvp.net'
      - '*.riotcdn.net'
      - '*.riotgames.com'
      - '*.leagueoflegends.com'
      - '*.singular.net'
tun:
    enable: true
    stack: mixed
    dns-hijack:
      - "any:53"
      - "tcp://any:53"
    auto-route: true
    auto-redirect: true
    auto-detect-interface: true
dns:
    enable: true
    listen: 0.0.0.0:53
    ipv6: true
    use-system-hosts: true
    respect-rules: false
    enhanced-mode: fake-ip
    fake-ip-filter-mode: blacklist
    use-hosts: true
    prefer-h3: false
    default-nameserver:
      - 1.1.1.1
      - 8.8.8.8
      - 127.0.0.1
    fake-ip-range: 198.18.0.1/16
    search-domains: [local]
    fake-ip-filter:
      - '*.lan'
      - '+.lan'
      - '*.riotgames.com'
      - '*.osano.com'
      - '*.leagueoflegends.com'
      - '*.rgpub.io'
      - '*.pvp.net'
      - '*.riotcdn.net'
      - 'geoip:wildrift'
      - '*.singular.net'
    nameserver:
      - 1.1.1.1
      - 8.8.8.8
      - 127.0.0.1
      - https://dns64.dns.google/dns-query
      - dhcp://en0
#    nameserver-policy:
#      - '+.arpa': 
#         - '10.0.0.1'
#      - 'rule-set:mm':
#        - https://doh.google/dns-query
#         - https://dns.google/dns-query
    fallback:
      - https://8.8.8.8/dns-query
      - https://1.1.1.1/dns-query
      - https://9.9.9.9/dns-query
      - tcp://8.8.4.4
      - tcp://1.0.0.1
    geoip: true
    geoip-code: MM
    geosite:
      - gfw
    fallback-filter:
    ipcidr:
      - 240.0.0.0/4
    domain:
      - '+.google.com'
      - '+.facebook.com'
      - '+.youtube.com'
proxies:
    - { name: SG Pro 2, server: ace-mayfly.boa152.lol, port: 443, password: 3723507166611775488, type: trojan, method : chacha20-poly1305, network: tcp, security: tls, tls-options: [ allow-insecure: true, fingerprint: random, server: ace-mayfly.boa152.lol ] }
    - name: "lk-cloud-1"
      type: vless
      server: 172.67.72.73
      port: 443
      uuid: 99ce9188-20c8-437c-b68d-0a6ed701c744
      network: ws
      tls: true
      udp: true
      sni: vless.aihi.uk
      client-fingerprint: firefox
      ws-opts:
         path: /?ed=2048
      headers:
         host: vless.aihi.uk
proxy-providers:
    Soroushmirzaei_Subs_1:
      url: "https://url.v1.mk/sub?&url=https%3A%2F%2Fraw.githubusercontent.com%2FALIILAPRO%2Fv2rayNG-Config%2Fmain%2Fsub.txt%7Chttps%3A%2F%2Fraw.githubusercontent.com%2FAshkan-m%2Fv2ray%2Fmain%2FSub.txt%7Chttps%3A%2F%2Fraw.githubusercontent.com%2FMrMohebi%2Fxray-proxy-grabber-telegram%2Fmaster%2Fcollected-proxies%2Frow-url%2Factives.txt%7Chttps%3A%2F%2Fraw.githubusercontent.com%2FMrMohebi%2Fxray-proxy-grabber-telegram%2Fmaster%2Fcollected-proxies%2Frow-url%2Fall.txt%7Chttps%3A%2F%2Fraw.githubusercontent.com%2FMrPooyaX%2FVpnsFucking%2Fmain%2FBeVpn.txt%7Chttps%3A%2F%2Fraw.githubusercontent.com%2Fsoroushmirzaei%2Ftelegram-configs-collector%2Fmain%2Fprotocols%2Ftuic%7Chttps%3A%2F%2Fraw.githubusercontent.com%2Fsoroushmirzaei%2Ftelegram-configs-collector%2Fmain%2Fprotocols%2Fhysteria%7Chttps%3A%2F%2Fraw.githubusercontent.com%2Fsoroushmirzaei%2Ftelegram-configs-collector%2Fmain%2Fprotocols%2Fjuicity%7Chttps%3A%2F%2Fraw.githubusercontent.com%2Fsoroushmirzaei%2Ftelegram-configs-collector%2Fmain%2Fprotocols%2Freality%7Chttps%3A%2F%2Fraw.githubusercontent.com%2Fsoroushmirzaei%2Ftelegram-configs-collector%2Fmain%2Fprotocols%2Fshadowsocks%7Chttps%3A%2F%2Fraw.githubusercontent.com%2Fsoroushmirzaei%2Ftelegram-configs-collector%2Fmain%2Fprotocols%2Ftrojan%7Chttps%3A%2F%2Fraw.githubusercontent.com%2Fsoroushmirzaei%2Ftelegram-configs-collector%2Fmain%2Fprotocols%2Fvless&target=clash&config=https%3A%2F%2Fcdn.jsdelivr.net%2Fgh%2FSleepyHeeead%2Fsubconverter-config%40master%2Fremote-config%2Funiversal%2Furltest.ini&emoji=false&append_type=true&append_info=true&scv=true&udp=true&list=false&sort=false&fdn=true&insert=false"
      health-check:
         enable: true
         interval: 150
         timeout: 0
         expected-status: 204
         max-failed-times: 100
         url: "https://cp.cloudflare.com/generate_204"
      type: http
      proxy: DIRECT 
      lazy: false
      interval: 3600
      override:
         skip-cert-verify: true
      header:
         User-Agent:
              - "Clash/v1.18.0"
              - "mihomo/1.18.3"
      path: ./profile/proxy_providers/Soroushmirzaei_Subs_1.yaml
    Soroushmirzaei_Subs_2:
      url: "https://url.v1.mk/sub?&url=https%3A%2F%2Fraw.githubusercontent.com%2Fsoroushmirzaei%2Ftelegram-configs-collector%2Fmain%2Fprotocols%2Fvmess%7Chttps%3A%2F%2Fraw.githubusercontent.com%2Fsoroushmirzaei%2Ftelegram-configs-collector%2Fmain%2Fchannels%2Fprotocols%2Ftuic%7Chttps%3A%2F%2Fraw.githubusercontent.com%2Fsoroushmirzaei%2Ftelegram-configs-collector%2Fmain%2Fchannels%2Fprotocols%2Fhysteria%7Chttps%3A%2F%2Fraw.githubusercontent.com%2Fsoroushmirzaei%2Ftelegram-configs-collector%2Fmain%2Fchannels%2Fprotocols%2Fjuicity%7Chttps%3A%2F%2Fraw.githubusercontent.com%2Fsoroushmirzaei%2Ftelegram-configs-collector%2Fmain%2Fchannels%2Fprotocols%2Freality%7Chttps%3A%2F%2Fraw.githubusercontent.com%2Fsoroushmirzaei%2Ftelegram-configs-collector%2Fmain%2Fchannels%2Fprotocols%2Fshadowsocks%7Chttps%3A%2F%2Fraw.githubusercontent.com%2Fsoroushmirzaei%2Ftelegram-configs-collector%2Fmain%2Fchannels%2Fprotocols%2Ftrojan%7Chttps%3A%2F%2Fraw.githubusercontent.com%2Fsoroushmirzaei%2Ftelegram-configs-collector%2Fmain%2Fchannels%2Fprotocols%2Fvless%7Chttps%3A%2F%2Fraw.githubusercontent.com%2Fsoroushmirzaei%2Ftelegram-configs-collector%2Fmain%2Fchannels%2Fprotocols%2Fvmess%7Chttps%3A%2F%2Fraw.githubusercontent.com%2FEveryday-VPN%2FEveryday-VPN%2Fmain%2Fsubscription%2Fmain.txt%7Chttps%3A%2F%2Fraw.githubusercontent.com%2FEveryday-VPN%2FEveryday-VPN%2Fmain%2Fsubscription%2Ftest.txt%7Chttps%3A%2F%2Fraw.githubusercontent.com%2FKwinshadow%2FTelegramV2rayCollector%2Fmain%2Fsublinks%2Fmix.txt%7Chttps%3A%2F%2Fraw.githubusercontent.com%2Fts-sf%2Ffly%2Fmain%2Fv2%7Chttps%3A%2F%2Fraw.githubusercontent.com%2FEpodonios%2Fv2ray-configs%2Fmain%2FSplitted-By-Protocol%2Fvless.txt%7Chttps%3A%2F%2Fraw.githubusercontent.com%2FEpodonios%2Fv2ray-configs%2Fmain%2FSplitted-By-Protocol%2Fvmess.txt%7Chttps%3A%2F%2Fraw.githubusercontent.com%2FEpodonios%2Fv2ray-configs%2Fmain%2FSplitted-By-Protocol%2Ftrojan.txt%7Chttps%3A%2F%2Fraw.githubusercontent.com%2FEpodonios%2Fv2ray-configs%2Fmain%2FSplitted-By-Protocol%2Fss.txt%7Chttps%3A%2F%2Fraw.githubusercontent.com%2Fqjlxg%2Fhy2%2Fmain%2Fsplitted%2Fvless%7Chttps%3A%2F%2Fraw.githubusercontent.com%2Fqjlxg%2Fhy2%2Fmain%2Fsplitted%2Fsocks%7Chttps%3A%2F%2Fraw.githubusercontent.com%2Fqjlxg%2Fhy2%2Fmain%2Fsplitted%2Ftrojan%7Chttps%3A%2F%2Fraw.githubusercontent.com%2Fqjlxg%2Fhy2%2Fmain%2Fsplitted%2Fhy2%7Chttps%3A%2F%2Fraw.githubusercontent.com%2Fqjlxg%2Fhy2%2Fmain%2Fsplitted%2Fhysteria%7Chttps%3A%2F%2Fraw.githubusercontent.com%2FSurfboardv2ray%2FTGParse%2Fmain%2Fpython%2Fhy2%7Chttps%3A%2F%2Fraw.githubusercontent.com%2FSurfboardv2ray%2FTGParse%2Fmain%2Fpython%2Fhysteria2%7Chttps%3A%2F%2Fraw.githubusercontent.com%2FSurfboardv2ray%2FTGParse%2Fmain%2Fpython%2Fhysteria%7Chttps%3A%2F%2Fraw.githubusercontent.com%2FSurfboardv2ray%2FTGParse%2Fmain%2Fsplitted%2Fvless%7Chttps%3A%2F%2Fraw.githubusercontent.com%2FSurfboardv2ray%2FTGParse%2Fmain%2Fsplitted%2Fvmess%7Chttps%3A%2F%2Fraw.githubusercontent.com%2Fmiladtahanian%2FV2RayCFGDumper%2Fmain%2Fconfig.txt%7Chttps%3A%2F%2Fraw.githubusercontent.com%2FSpace-00%2FV2ray-configs%2Frefs%2Fheads%2Fmain%2Fconfig.txt%7Chttps%3A%2F%2Fraw.githubusercontent.com%2FSurfboardv2ray%2FProxy-sorter%2Fmain%2Fcustom%2Fudp.txt%7Chttps%3A%2F%2Fraw.githubusercontent.com%2FSurfboardv2ray%2FProxy-sorter%2Fmain%2Fws_tls%2Fproxies%2Fwstls%7Chttps%3A%2F%2Fraw.githubusercontent.com%2FSurfboardv2ray%2FProxy-sorter%2Fmain%2Fselector%2Frandom%7Chttps%3A%2F%2Fraw.githubusercontent.com%2FSurfboardv2ray%2FProxy-sorter%2Fmain%2Foutput%2Fconverted.txt%7Chttps%3A%2F%2Fraw.githubusercontent.com%2FSurfboardv2ray%2FProxy-sorter%2Frefs%2Fheads%2Fmain%2Fcustom%2Fmahsa.txt%7Chttps%3A%2F%2Fraw.githubusercontent.com%2FV2RAYCONFIGSPOOL%2FV2RAY_SUB%2Frefs%2Fheads%2Fmain%2FV2RAY_SUB.txt%7Chttps%3A%2F%2Fraw.githubusercontent.com%2FMrMohebi%2Fxray-proxy-grabber-telegram%2Frefs%2Fheads%2Fmaster%2Fcollected-proxies%2Frow-url%2Fall.txt%7Chttps%3A%2F%2Fraw.githubusercontent.com%2FMrMohebi%2Fxray-proxy-grabber-telegram%2Frefs%2Fheads%2Fmaster%2Fcollected-proxies%2Frow-url%2Factives.txt%7Chttps%3A%2F%2Fraw.githubusercontent.com%2FMhdiTaheri%2FV2rayCollector_Py%2Frefs%2Fheads%2Fmain%2Fsub%2FMix%2Fmix.txt%7Chttps%3A%2F%2Fraw.githubusercontent.com%2Froosterkid%2Fopenproxylist%2Frefs%2Fheads%2Fmain%2FV2RAY_RAW.txt%7Chttps%3A%2F%2Fraw.githubusercontent.com%2FMhdiTaheri%2FV2rayCollector%2Fmain%2Fsub%2Fmix&target=clash&config=https%3A%2F%2Fcdn.jsdelivr.net%2Fgh%2FSleepyHeeead%2Fsubconverter-config%40master%2Fremote-config%2Funiversal%2Furltest.ini&emoji=false&append_type=true&append_info=true&scv=true&udp=true&list=false&sort=false&fdn=true&insert=false"
      health-check:
         enable: true
         interval: 150
         timeout: 0
         expected-status: 204
         max-failed-times: 100
         url: "https://cp.cloudflare.com/generate_204"
      type: http
      proxy: DIRECT 
      lazy: false
      interval: 3600
      override:
         skip-cert-verify: true
      header:
         User-Agent:
              - "Clash/v1.18.0"
              - "mihomo/1.18.3"
      path: ./profile/proxy_providers/Soroushmirzaei_Subs_2.yaml
    Soroushmirzaei_Subs_3:
      url: "https://subapi.fxxk.dedyn.io/sub?&url=https%3A%2F%2Fraw.githubusercontent.com%2FALIILAPRO%2Fv2rayNG-Config%2Fmain%2Fsub.txt%7Chttps%3A%2F%2Fraw.githubusercontent.com%2FAshkan-m%2Fv2ray%2Fmain%2FSub.txt%7Chttps%3A%2F%2Fraw.githubusercontent.com%2FMrMohebi%2Fxray-proxy-grabber-telegram%2Fmaster%2Fcollected-proxies%2Frow-url%2Factives.txt%7Chttps%3A%2F%2Fraw.githubusercontent.com%2FMrMohebi%2Fxray-proxy-grabber-telegram%2Fmaster%2Fcollected-proxies%2Frow-url%2Fall.txt%7Chttps%3A%2F%2Fraw.githubusercontent.com%2FMrPooyaX%2FVpnsFucking%2Fmain%2FBeVpn.txt%7Chttps%3A%2F%2Fraw.githubusercontent.com%2Fsoroushmirzaei%2Ftelegram-configs-collector%2Fmain%2Fprotocols%2Ftuic%7Chttps%3A%2F%2Fraw.githubusercontent.com%2Fsoroushmirzaei%2Ftelegram-configs-collector%2Fmain%2Fprotocols%2Fhysteria%7Chttps%3A%2F%2Fraw.githubusercontent.com%2Fsoroushmirzaei%2Ftelegram-configs-collector%2Fmain%2Fprotocols%2Fjuicity%7Chttps%3A%2F%2Fraw.githubusercontent.com%2Fsoroushmirzaei%2Ftelegram-configs-collector%2Fmain%2Fprotocols%2Freality%7Chttps%3A%2F%2Fraw.githubusercontent.com%2Fsoroushmirzaei%2Ftelegram-configs-collector%2Fmain%2Fprotocols%2Fshadowsocks%7Chttps%3A%2F%2Fraw.githubusercontent.com%2Fsoroushmirzaei%2Ftelegram-configs-collector%2Fmain%2Fprotocols%2Ftrojan%7Chttps%3A%2F%2Fraw.githubusercontent.com%2Fsoroushmirzaei%2Ftelegram-configs-collector%2Fmain%2Fprotocols%2Fvless%7Chttps%3A%2F%2Fraw.githubusercontent.com%2Fsoroushmirzaei%2Ftelegram-configs-collector%2Fmain%2Fprotocols%2Fvmess%7Chttps%3A%2F%2Fraw.githubusercontent.com%2Fsoroushmirzaei%2Ftelegram-configs-collector%2Fmain%2Fchannels%2Fprotocols%2Ftuic%7Chttps%3A%2F%2Fraw.githubusercontent.com%2Fsoroushmirzaei%2Ftelegram-configs-collector%2Fmain%2Fchannels%2Fprotocols%2Fhysteria%7Chttps%3A%2F%2Fraw.githubusercontent.com%2Fsoroushmirzaei%2Ftelegram-configs-collector%2Fmain%2Fchannels%2Fprotocols%2Fjuicity%7Chttps%3A%2F%2Fraw.githubusercontent.com%2Fsoroushmirzaei%2Ftelegram-configs-collector%2Fmain%2Fchannels%2Fprotocols%2Freality%7Chttps%3A%2F%2Fraw.githubusercontent.com%2Fsoroushmirzaei%2Ftelegram-configs-collector%2Fmain%2Fchannels%2Fprotocols%2Fshadowsocks%7Chttps%3A%2F%2Fraw.githubusercontent.com%2Fsoroushmirzaei%2Ftelegram-configs-collector%2Fmain%2Fchannels%2Fprotocols%2Ftrojan%7Chttps%3A%2F%2Fraw.githubusercontent.com%2Fsoroushmirzaei%2Ftelegram-configs-collector%2Fmain%2Fchannels%2Fprotocols%2Fvless%7Chttps%3A%2F%2Fraw.githubusercontent.com%2Fsoroushmirzaei%2Ftelegram-configs-collector%2Fmain%2Fchannels%2Fprotocols%2Fvmess%7Chttps%3A%2F%2Fraw.githubusercontent.com%2FEveryday-VPN%2FEveryday-VPN%2Fmain%2Fsubscription%2Fmain.txt%7Chttps%3A%2F%2Fraw.githubusercontent.com%2FEveryday-VPN%2FEveryday-VPN%2Fmain%2Fsubscription%2Ftest.txt%7Chttps%3A%2F%2Fraw.githubusercontent.com%2FKwinshadow%2FTelegramV2rayCollector%2Fmain%2Fsublinks%2Fmix.txt&target=clash&config=https%3A%2F%2Fcdn.jsdelivr.net%2Fgh%2FSleepyHeeead%2Fsubconverter-config%40master%2Fremote-config%2Funiversal%2Furltest.ini&emoji=false&append_type=true&append_info=true&scv=true&udp=true&list=false&sort=false&fdn=true&insert=false"
      health-check:
         enable: true
         interval: 150
         timeout: 0
         expected-status: 204
         max-failed-times: 100
         url: "https://cp.cloudflare.com/generate_204"
      type: http
      proxy: DIRECT 
      lazy: false
      interval: 3600
      override:
         skip-cert-verify: true
      header:
         User-Agent:
              - "Clash/v1.18.0"
              - "mihomo/1.18.3"
      path: ./profile/proxy_providers/Soroushmirzaei_Subs_3.yaml
    Soroushmirzaei:
      url: "https://subapi.fxxk.dedyn.io/sub?&url=https%3A%2F%2Fraw.githubusercontent.com%2Fsoroushmirzaei%2Ftelegram-configs-collector%2Fmain%2Fsubscribe%2Fprotocols%2Fjuicity%7Chttps%3A%2F%2Fraw.githubusercontent.com%2Fsoroushmirzaei%2Ftelegram-configs-collector%2Fmain%2Fsubscribe%2Fprotocols%2Fhysteria%7Chttps%3A%2F%2Fraw.githubusercontent.com%2Fsoroushmirzaei%2Ftelegram-configs-collector%2Fmain%2Fchannels%2Fprotocols%2Ftuic%7Chttps%3A%2F%2Fraw.githubusercontent.com%2Fsoroushmirzaei%2Ftelegram-configs-collector%2Fmain%2Fchannels%2Fprotocols%2Freality%7Chttps%3A%2F%2Fraw.githubusercontent.com%2Fsoroushmirzaei%2Ftelegram-configs-collector%2Fmain%2Fchannels%2Fprotocols%2Fvless%7Chttps%3A%2F%2Fraw.githubusercontent.com%2Fsoroushmirzaei%2Ftelegram-configs-collector%2Fmain%2Fchannels%2Fprotocols%2Fvmess%7Chttps%3A%2F%2Fraw.githubusercontent.com%2Fsoroushmirzaei%2Ftelegram-configs-collector%2Fmain%2Fchannels%2Fprotocols%2Ftrojan%7Chttps%3A%2F%2Fraw.githubusercontent.com%2Fsoroushmirzaei%2Ftelegram-configs-collector%2Fmain%2Fchannels%2Fprotocols%2Fshadowsocks%7Chttps%3A%2F%2Fraw.githubusercontent.com%2Fsoroushmirzaei%2Ftelegram-configs-collector%2Fmain%2Fsplitted%2Fchannels%7C%7C%7C%7C%7C%7C%7C&target=clash&emoji=false&append_type=true&append_info=true&scv=true&udp=true&list=false&sort=false&fdn=true&insert=false"
      health-check:
         enable: true
         interval: 150
         timeout: 0
         expected-status: 204
         max-failed-times: 100
         url: "https://cp.cloudflare.com/generate_204"
      type: http
      proxy: DIRECT 
      lazy: false
      interval: 3600
      override:
         skip-cert-verify: true
      header:
         User-Agent:
              - "Clash/v1.18.0"
              - "mihomo/1.18.3"
      path: ./profile/proxy_providers/Soroushmirzaei.yaml
    Soroushmirzaei_ipv4:
      url: "https://subapi.fxxk.dedyn.io/sub?&url=https%3A%2F%2Fraw.githubusercontent.com%2Fsoroushmirzaei%2Ftelegram-configs-collector%2Fmain%2Flayers%2Fipv4&target=clash&emoji=false&append_type=true&append_info=true&scv=true&udp=true&list=false&sort=false&fdn=true&insert=false"
      health-check:
         enable: true
         interval: 150
         timeout: 0
         expected-status: 204
         #max-failed-times: 10
         url: "https://cp.cloudflare.com/generate_204"
      type: http
      proxy: DIRECT 
      lazy: false
      interval: 3600
      override:
         skip-cert-verify: true
      header:
         User-Agent:
              - "Clash/v1.18.0"
              - "mihomo/1.18.3"
      path: ./profile/proxy_providers/Soroushmirzaei_ipv4.yaml
    Soroushmirzaei_ipv6:
      url: "https://subapi.fxxk.dedyn.io/sub?&url=https%3A%2F%2Fraw.githubusercontent.com%2Fsoroushmirzaei%2Ftelegram-configs-collector%2Fmain%2Fsubscribe%2Flayers%2Fipv6&target=clash&emoji=false&append_type=true&append_info=true&scv=true&udp=true&list=false&sort=false&fdn=true&insert=false"
      health-check:
         enable: true
         interval: 150
         timeout: 0
         expected-status: 204
         #max-failed-times: 10
         url: "https://cp.cloudflare.com/generate_204"
      type: http
      proxy: DIRECT 
      lazy: false
      interval: 3600
      override:
         skip-cert-verify: true
      header:
         User-Agent:
              - "Clash/v1.18.0"
              - "mihomo/1.18.3"
      path: ./profile/proxy_providers/Soroushmirzaei_ipv6.yaml
    Igzdyz:
      url: "https://sub.tgzdyz2.xyz/sub"
      health-check:
         enable: true
         interval: 150
         timeout: 0
         expected-status: 204
         #max-failed-times: 10
         url: "https://cp.cloudflare.com/generate_204"
      type: http
      proxy: DIRECT 
      lazy: false
      interval: 3600
      override:
         skip-cert-verify: true
      header:
         User-Agent:
              - "Clash/v1.18.0"
              - "mihomo/1.18.3"
      path: ./profile/proxy_providers/Igzdyz.yaml
    SR:
      url: "https://sub.vip.sd/JPa6vvFgygVtNP2sGJ2r/download/NL?target=ShadowRocket"
      health-check:
         enable: true
         interval: 150
         timeout: 0
         expected-status: 204
         #max-failed-times: 10
         url: "https://cp.cloudflare.com/generate_204"
      type: http
      proxy: DIRECT 
      lazy: false
      interval: 3600
      override:
         skip-cert-verify: true
      header:
         User-Agent:
              - "Clash/v1.18.0"
              - "mihomo/1.18.3"
      path: ./profile/proxy_providers/SR.yaml
    Neigui-US:
      url: "https://api.neigui.us.kg:443/sub?token=4v1eR3A9c8Z4dVQ0PE9Yjimrbfg&tag=clash"
      health-check:
         enable: true
         interval: 150
         timeout: 0
         expected-status: 204
         #max-failed-times: 10
         url: "https://cp.cloudflare.com/generate_204"
      type: http
      proxy: DIRECT 
      lazy: false
      interval: 3600
      override:
         skip-cert-verify: true
      header:
         User-Agent:
              - "Clash/v1.18.0"
              - "mihomo/1.18.3"
      path: ./profile/proxy_providers/Neigui_US.yaml
    NoMoreWalls:
      url: "https://raw.githubusercontent.com/peasoft/NoMoreWalls/master/list.yml"
      health-check:
         enable: true
         interval: 150
         timeout: 0
         expected-status: 204
         #max-failed-times: 10
         url: "https://cp.cloudflare.com/generate_204"
      type: http
      proxy: DIRECT
      lazy: false
      interval: 3600
      override:
         skip-cert-verify: true
      header:
         User-Agent:
              - "Clash/v1.18.0"
              - "mihomo/1.18.3"
      path: ./profile/proxy_providers/NoMoreWalls.yaml
    Eternity:
      url: "https://raw.githubusercontent.com/mahdibland/ShadowsocksAggregator/master/Eternity.yml"
      health-check:
         enable: true
         interval: 150
         timeout: 0
         expected-status: 204
         #max-failed-times: 10
         url: "https://cp.cloudflare.com/generate_204"
      type: http
      proxy: DIRECT
      lazy: false
      interval: 3600
      override:
         skip-cert-verify: true
      header:
         User-Agent:
              - "Clash/v1.18.0"
              - "mihomo/1.18.3"
      path: ./profile/proxy_providers/Eternity.yaml
    Yobm:
      url: "https://s.subcsub.com/Yobm51S"
      health-check:
         enable: true
         interval: 150
         timeout: 0
         expected-status: 204
         #max-failed-times: 10
         url: "https://cp.cloudflare.com/generate_204"
      type: http
      proxy: DIRECT
      lazy: false
      interval: 3600
      override:
         skip-cert-verify: true
      header:
         User-Agent:
              - "Clash/v1.18.0"
              - "mihomo/1.18.3"
      path: ./profile/proxy_providers/Yobm.yaml
    HTG8866:
      url: "https://sub.htg8866.us.kg/sublink98765"
      health-check:
         enable: true
         interval: 150
         timeout: 0
         expected-status: 204
         #max-failed-times: 10
         url: "https://cp.cloudflare.com/generate_204"
      type: http
      proxy: DIRECT
      lazy: false
      interval: 3600
      override:
         skip-cert-verify: true
      header:
         User-Agent:
              - "Clash/v1.18.0"
              - "mihomo/1.18.3"
      path: ./profile/proxy_providers/HTG8866.yaml
    Pawdroid:
      url: "https://subapi.fxxk.dedyn.io/sub?&url=https%3A%2F%2Fraw.githubusercontent.com%2FPawdroid%2FFree-servers%2Fmain%2Fstatic%2Fsub_en&target=clash&new_name=true&config=https%3A%2F%2Fraw.githubusercontent.com%2FMazeorz%2Fairports%2Fmaster%2FClash%2FStitch.ini&emoji=false&append_type=true&append_info=true&scv=false&udp=false&list=false&sort=false&fdn=true&insert=false"
      health-check:
         enable: true
         interval: 150
         timeout: 0
         expected-status: 204
         #max-failed-times: 10
         url: "https://cp.cloudflare.com/generate_204"
      type: http
      lazy: false
      proxy: DIRECT
      interval: 3600
      override:
         skip-cert-verify: true
      header:
         User-Agent:
              - "Clash/v1.18.0"
              - "mihomo/1.18.3"
      path: ./profile/proxy_providers/Pawdroid.yaml
    SKKA_3134:
      url: "https://subapi.fxxk.dedyn.io/sub?&url=https%3A%2F%2Fraw.githubusercontent.com%2FPawdroid%2FFree-servers%2Fmain%2Fsub%7Chttps%3A%2F%2Fraw.githubusercontent.com%2FPawdroid%2FFree-servers%2Fmain%2Fsub&target=clash&config=https%3A%2F%2Fcdn.jsdelivr.net%2Fgh%2FSleepyHeeead%2Fsubconverter-config%40master%2Fremote-config%2Funiversal%2Furltest.ini&emoji=true&append_type=true&append_info=true&scv=false&udp=false&list=false&sort=false&fdn=true&insert=false"
      health-check:
         enable: true
         interval: 150
         timeout: 0
         expected-status: 204
         #max-failed-times: 10
         url: "https://cp.cloudflare.com/generate_204"
      type: http
      proxy: DIRECT
      lazy: false
      interval: 3600
      override:
         skip-cert-verify: true
      header:
         User-Agent:
              - "Clash/v1.18.0"
              - "mihomo/1.18.3"
      path: ./profile/proxy_providers/SKKA_3134.yaml
    SG-HK:
      url: "https://subapi.fxxk.dedyn.io/sub?&url=https%3A%2F%2Fraw.githubusercontent.com%2Fsoroushmirzaei%2Ftelegram-configs-collector%2Frefs%2Fheads%2Fmain%2Fcountries%2Fsg%2Fmixed%7Chttps%3A%2F%2Fraw.githubusercontent.com%2Fsoroushmirzaei%2Ftelegram-configs-collector%2Fmain%2Fcountries%2Fsg%2Fmixed%7Chttps%3A%2F%2Fraw.githubusercontent.com%2Fsoroushmirzaei%2Ftelegram-configs-collector%2Frefs%2Fheads%2Fmain%2Fcountries%2Fhk%2Fmixed%7Chttps%3A%2F%2Fraw.githubusercontent.com%2Fsoroushmirzaei%2Ftelegram-configs-collector%2Fmain%2Fcountries%2Fhk%2Fmixed&target=clashr&emoji=false&append_type=true&append_info=true&scv=true&udp=true&list=true&sort=true&fdn=true&insert=true"
      health-check:
         enable: true
         interval: 150
         timeout: 0
         expected-status: 204
         #max-failed-times: 10
         url: "https://cp.cloudflare.com/generate_204"
      type: http
      proxy: DIRECT
      lazy: false
      interval: 3600
      override:
         skip-cert-verify: true
      header:
         User-Agent:
              - "Clash/v1.18.0"
              - "mihomo/1.18.3"
      path: ./profile/proxy_providers/SGHK.yaml
    Xiaofeixia:
      url: https://youxiu3102.xiaofeixia.click/api/v1/client/subscribe?token=f6e955c105f50fc834e6cd35e206df5d&flag=meta&type=all
      health-check:
         enable: true
         interval: 150
         timeout: 0
         expected-status: 204
         #max-failed-times: 10
         url: "https://cp.cloudflare.com/generate_204"
      type: http
      proxy: DIRECT
      lazy: false
      interval: 3600
      override:
         skip-cert-verify: true
      header:
         User-Agent:
              - "Clash/v1.18.0"
              - "mihomo/1.18.3"
      path: ./profile/proxy_providers/xiaofeixia.yaml
    Aggregator_Aoip:
      url: https://aggregator.aoip.top/
      health-check:
         enable: true
         interval: 150
         timeout: 0
         expected-status: 204
         #max-failed-times: 10
         url: "https://cp.cloudflare.com/generate_204"
      type: http
      proxy: DIRECT
      lazy: false
      interval: 3600
      override:
         skip-cert-verify: true
      header:
         User-Agent:
              - "Clash/v1.18.0"
              - "mihomo/1.18.3"
      path: ./profile/proxy_providers/aggregator_aoip.yaml
proxy-groups:
    - name: auto
      health-check:
         enable: true
         interval: 150
         timeout: 0
         expected-status: 204
         #max-failed-times: 10
         url: "https://cp.cloudflare.com/generate_204"
      type: url-test
      proxy: DIRECT
      exclude-type: direct
      size-limit: 0
      lazy: false
      include-all: true
      icon: "https://cdn-icons-png.flaticon.com/512/3686/3686513.png"
    - name: load-balance
      health-check:
         enable: true
         interval: 150
         url: "https://cp.cloudflare.com/generate_204"
      type: load-balance
      lazy: false
      strategy: consistent-hashing
      include-all: false
      include-all-proxies: true
      include-all-providers: true
#      filter: "{hk|hongkong|[hong kong]|[Hong Kong]|HK|SG|Singapore}"
      exclude-filter: "fallback"
      exclude-type: DIRECT
    - name: fallback
      exclude-type: DIRECT
      health-check:
         enable: true
         interval: 150
         url: "https://cp.cloudflare.com/generate_204"
      type: fallback
      lazy: false
      include-all: false
      include-all-proxies: true
      include-all-providers: true
  #    filter: "{hk|hongkong|[hong kong]|[Hong Kong]|HK|SG|Singapore}"
rule-providers:
    StevenBlack:
      type: http
      behavior: domain
      url: "https://raw.githubusercontent.com/StevenBlack/hosts/master/alternates/fakenews-gambling/hosts"
      path: ./profile/rules/StevenBlack.yaml
    AdGuardSDNSFilter_All:
      type: http
      behavior: domain
      url: "https://raw.githubusercontent.com/Repcz/EgernRules/refs/heads/X/Rules/AdGuardSDNSFilter/AdGuardSDNSFilter_All.yaml"
      path: ./profile/rules/AdGuardSDNSFilter_All.yaml
#    BanProgramAD:
#      type: http
#      behavior: domain
#      url: "https://raw.githubusercontent.com/Repcz/ACL4SSR/refs/heads/X/Rules/BanProgramAD.list"
#      path: ./profile/rules/BanProgramAD.yaml
    EasyList:
      type: http
      behavior: domain
      url: "https://raw.githubusercontent.com/easylist/easylist/refs/heads/master/easylist/easylist_adservers_popup.txt"
      path: ./profile/rules/EasyList.yaml
    Hagezi:
      type: http
      behavior: domain
      url: "https://cdn.jsdelivr.net/gh/hagezi/dns-blocklists@latest/adblock/ultimate.txt"
      path: /profile/rules/Hagezi.yaml
    LoyalSoldier:
      type: http
      behavior: domain
      url: "https://cdn.jsdelivr.net/gh/Loyalsoldier/v2ray-rules-dat@release/reject-list.txt"
      path: ./profile/rules/LoyalSoldier.yaml
    lancidr:
      type: http
      behavior: ipcidr
      url: "https://cdn.jsdelivr.net/gh/Loyalsoldier/clash-rules@release/lancidr.txt"
      path: ./profile/rules/lancidr.yaml
    mm-cidr:
      type: http
      behavior: ipcidr
      format: yaml
      url: "https://cdn.jsdelivr.net/gh/Loyalsoldier/geoip@release/clash/ipcidr/mm.txt"
      path: ./ruleset/ipcidr/mm.yaml
    gfw:
      type: http
      behavior: domain
      url: "https://cdn.jsdelivr.net/gh/Loyalsoldier/clash-rules@release/gfw.txt"
      path: ./profile/rules/gfw.yaml
    oisd_big:
      type: http
      behavior: classical
      url: "https://raw.githubusercontent.com/hillz2/openclash_adblock/main/oisd_big.yaml"
      path: ./profile/rules/oisd_big.yaml
    wildrift_ports:
      type: http
      behavior: classical
      url: "https://raw.githubusercontent.com/hillz2/clashrules/refs/heads/main/rule_provider/Game_LeagueOfLegends_Ports.yaml"
      path: ./profile/rules/wildrift_ports.yaml
    Brave:
      type: http
      behavior: domain
      format: yaml
      url: "https://raw.githubusercontent.com/brave/adblock-lists/master/brave-lists/brave-android-specific.txt"
      path: ./profile/rules/Brave.yaml
    Reiji_Adblock:
      type: http
      behavior: domain
      format: yaml
      url: "https://raw.githubusercontent.com/REIJI007/AdBlock_Rule_For_Clash/main/adblock_reject.yaml"
      path: ./profile/rules/adblock_reject.yaml
    NoPopUp_GEO_Location:
      type: http
      behavior: domain
      format: yaml
      url: "https://raw.githubusercontent.com/easylist/easylist/refs/heads/master/custom-lists/google_geolocation_popup.txt"
      path: ./profile/rules/NoPopUp_GEO_Location.yaml
    Telegramcidr:
      type: http
      behavior: ipcidr
      url: "https://cdn.jsdelivr.net/gh/Loyalsoldier/clash-rules@release/telegramcidr.txt"
      interval: 86400
      path: ./ruleset/ipcidr/Telegramcidr.yaml
    ChatGPT:
      type: http
      behavior: classical
      url: "https://raw.githubusercontent.com/G4free/clash-ruleset/main/ruleset/ChatGPT.yaml"
      path: ./profile/rules/ChatGPT.yaml
      interval: 86400
    LAN:
      type: http
      behavior: classical
      url: "https://raw.githubusercontent.com/ACL4SSR/ACL4SSR/master/Clash/Providers/LocalAreaNetwork.yaml"
      path: ./profile/rules/LAN.yaml
      interval: 86400
rules:
    - DOMAIN-SUFFIX,google.com,auto
    - DOMAIN-SUFFIX,pvp.net,auto,no-resolve
    - DOMAIN-SUFFIX,riotcdn.net,auto,no-resolve
    - DOMAIN-SUFFIX,riotgames.com,auto,no-resolve
    - DOMAIN-SUFFIX,leagueoflegends.com,auto,no-resolve
    - RULE-SET,StevenBlack,REJECT
    - RULE-SET,LoyalSoldier,REJECT
    - RULE-SET,oisd_big,REJECT
    - RULE-SET,Hagezi,REJECT
    - RULE-SET,EasyList,REJECT
    - RULE-SET,Brave,REJECT
    - RULE-SET,LAN,DIRECT
    - RULE-SET,ChatGPT,auto
    - RULE-SET,lancidr,DIRECT
    - RULE-SET,mm-cidr,auto
    - RULE-SET,Reiji_Adblock,REJECT
    - RULE-SET,Telegramcidr,auto
    - GEOIP,Private,DIRECT,no-resolve
    - GEOSITE,category-ads@ads,REJECT
    - DOMAIN,clash.razord.top,DIRECT,no-resolve
    - DOMAIN,yacd.haishan.me,DIRECT,no-resolve
    - GEOIP,LAN,DIRECT
    - RULE-SET,NoPopUp_GEO_Location,REJECT
    - RULE-SET,wildrift_ports, DIRECT,no-resolve
    - DOMAIN-KEYWORD,google,auto
    - DOMAIN,speed.cloudflare.com,auto
    - DOMAIN,google.com,auto
    - DOMAIN-SUFFIX,ad.com,REJECT
    - DOMAIN-SUFFIX,imkirh.com,REJECT
    - DOMAIN-SUFFIX,haobet77.co,REJECT
    - DOMAIN-KEYWORD,club388myanmar,REJECT
    - DOMAIN-KEYWORD,vipclubmm,REJECT
    - DOMAIN-KEYWORD,388gaming,REJECT
    - GEOIP,MM,auto
    - GEOIP,facebook,auto
    - DOMAIN,geosite:category-ads-all,REJECT
    - DOMAIN,geosite:category-ads,REJECT
    - DOMAIN,geosite:category-ads-mm,REJECT
    - DOMAIN,geosite:xiaomi-ads,REJECT
    - DOMAIN,geosite:facebook-ads,REJECT
    - DOMAIN,geosite:youtube,auto,no-resolve
    - DOMAIN,geosite:wildrift,auto,no-resolve
    - DOMAIN,geosite:samsung,auto,no-resolve
    - DOMAIN,geosite:unity-ads,REJECT
    - DOMAIN,geosite:meta-ads,REJECT
    - DOMAIN,geoip:google-ads,REJECT
    - DOMAIN,geoip:facebook-ads,REJECT
    - DOMAIN,geosite:category-public-tracker,REJECT
    - DOMAIN-KEYWORD,googleadservices,REJECT
    - PROCESS-NAME,com.riotgames.league.wildrift,auto,no-resolve
    - PROCESS-NAME,com.sec.android.app.sbrowser,auto
    - PROCESS-NAME,sia.internet.apps.samsing.com,auto
    - PROCESS-NAME,mm.com.mptvas,auto,no-resolve
    - PROCESS-NAME,moe.nb4a,DIRECT
    - PROCESS-NAME,com.company.myanmarbroadbandtelecom,auto,no-resolve
    - PROCESS-NAME,com.termux,auto
    - PROCESS-NAME,com.kbzbank.kpaycustomer,auto,no-resolve
    - PROCESS-NAME,com.company.myanmarbroadbandtelecom,auto,no-resolve
    - DOMAIN-SUFFIX,googleads.g.doubleclick.nes,REJECT
    - DOMAIN-SUFFIX,adsense.google.com,REJECT
    - DOMAIN-SUFFIX,adservice.google.com,REJECT
    - DOMAIN-SUFFIX,ads.google.com,REJECT
    - DOMAIN-SUFFIX,crashlyticsreports-pa.googleapis.com,REJECT
    - DOMAIN-SUFFIX,firebaselogging-pa.googleapis.com,REJECT
    - DOMAIN-SUFFIX,googleadservices.com,REJECT
    - DOMAIN-SUFFIX,analytics.google.com,REJECT
    - DOMAIN-SUFFIX,adservice.google.com,REJECT
    - DOMAIN-SUFFIX,googleadservices-mm.com,REJECT
    - DOMAIN-SUFFIX,googletagservices-mm.com,REJECT
    - DOMAIN-SUFFIX,advertising-api.amazon.com,REJECT
    - DOMAIN-SUFFIX,s.amazon-adsystem.com,REJECT
    - DOMAIN-SUFFIX,crashlytics.com,REJECT
    - DOMAIN-SUFFIX,staticxx.facebook.com,REJECT
    - DOMAIN-SUFFIX,click.googleanalytics.com,REJECT
    - DOMAIN-SUFFIX,samsung.com,auto
    - DOMAIN-SUFFIX,rgpub.io,auto,no-resolve
    - IP-CIDR,127.0.0.0/8,DIRECT,no-resolve  
    - DOMAIN-SUFFIX,samsung.com,auto
    - DOMAIN-SUFFIX,partner.uc.cn,REJECT
    - DOMAIN-SUFFIX,strpst.com,REJECT
    - PROCESS-NAME,ai.chat.gpt.bot,auto,no-resolve
    - PROCESS-NAME,com.rezone.gvortex,DIRECT,no-resolve
    - DOMAIN,sdk-api-v1.singular.net:443,auto,no-resolve
    - PROCESS-NAME,moe.nb4a,DIRECT
    - DOMAIN,ms.applvn.com:443,DIRECT,no-resolve
    - PROCESS-NAME,mm.com.mptvas,DIRECT
    - MATCH, auto,mm.com.mptvas,DIRECT
    - DOMAIN,turn.speed.cloudflare.com:50000, auto
    - MATCH, auto
