socks-port: 7891
mixedmixed-port: 7890
mode: rule
allow-lan: false
tcp-timeout: 300
keep-alive-interval: 15
disable-keep-alive: false
log-level: info
ipv6: false
external-doh-server: "/dns-query"
geodata-mode: true
bind-address: "*"
geox-url:
  geoip: "https://cdn.jsdelivr.net/gh/Loyalsoldier/geoip@release/geoip.dat"
  geosite: "https://github.com/Loyalsoldier/v2ray-rules-dat/releases/download/202512160513/geosite.dat"
  mmdb: "https://cdn.jsdelivr.net/gh/Loyalsoldier/geoip@release/Country.mmdb"
  asn: "https://cdn.jsdelivr.net/gh/Loyalsoldier/geoip@release/Country-asn.mmdb"
find-process-mode: strict
#client-fingerprint: chrome
#allow-private-domains: false
unified-delay: true
tcp-concurrent: true
experimental:
  quic-go-disable-gso: true
  quic-go-disable-ecn: true
profile:
  store-selected: true
  store-fake-ip: true
dns:
  enable: true
  cache-algorithm: arc
  cache-max-size: 1024
  use-hosts: true
  use-system-hosts: true
  listen: 0.0.0.0:1053
  ipv6: false
  #prefer-h3: true
  default-nameserver:
    - 8.8.8.8
    - 1.1.1.1
  nameserver:   
    - 8.8.8.8
    - 1.1.1.1
    - https://dns.google/dns-query
    - https://1.1.1.1/dns-query
  enhanced-mode: fake-ip
  fake-ip-range: 198.18.0.1/16
  fallback:
    - tls://8.8.8.8:853
    - tls://1.1.1.1:853
    - 8.8.8.8
    - 8.8.4.4
    - 1.1.1.1
    - 1.0.0.1
  fallback-filter:
    geoip: true
    geoip-code: MM
    geosite:
      - gfw

proxy-providers:
  TSSF: 
    type: http
    path: "./proxies/TSSF.yaml"
    url: "https://raw.githubusercontent.com/ts-sf/fly/main/clash"
    etag-support: true
    disable-udp: false
    allow-insecure: true
    skip-cert-verify: true
  MatinGhanbari: 
    type: http
    path: "./proxies/MatinGhanbari.yaml"
    url: "https://raw.githubusercontent.com/MatinGhanbari/v2ray-configs/main/subscriptions/filtered/subs/ss.txt"
    etag-support: true
    disable-udp: false
    allow-insecure: true
    skip-cert-verify: true
  Shuaidaoya:
    type: http
    url: "https://gist.githubusercontent.com/shuaidaoya/9e5cf2749c0ce79932dd9229d9b4162b/raw/all.yaml"
    path: "./proxies/Shuaidaoya.yaml"
    etag-support: true
    disable-udp: false
    allow-insecure: true
    skip-cert-verify: true
  FreeNode:
    type: http
    url: "https://raw.githubusercontent.com/telegeam/freenode/refs/heads/master/clash.yaml"
    path: "./proxies/FreeNode.yaml"
    etag-support: true
    skip-cert-verify: true
    disable-udp: false  
    allow-insecure: true
  NMWalls:
    type: http
    url: "https://raw.githubusercontent.com/chengaopan/AutoMergePublicNodes/master/list.yml"
    path: "./proxies/NMWalls.yaml"
    etag-support: true
    disable-udp: false  
    allow-insecure: true
    skip-cert-verify: true
  V2Free:
    type: http
    url: "https://raw.githubusercontent.com/clashv2ray-hub/v2rayfree/refs/heads/main/v2ray.txt"
    path: "./proxies/V2Free.yaml"
    etag-support: true
    disable-udp: false  
    allow-insecure: true    
    skip-cert-verify: true
  G3:
    type: http
    url: "http://g3.03184.com:8091/F_20241011160900vrqpbf/clash.yaml"
    path: "./proxies/G3.yaml"
    etag-support: true
    disable-udp: false  
    allow-insecure: true    
    skip-cert-verify: true
  G4:
    type: http
    url: "https://ldld.whtjdasha.com/api/v1/client/subscribe?token=6b69e6bc9bc793ea90db235e89a649d5"
    path: "./proxies/G4.yaml"
    etag-support: true
    disable-udp: false  
    allow-insecure: true    
    skip-cert-verify: true   
  G5:
    type: http
    url: "https://shz.al/njPK"
    path: "./proxies/G5.yaml"
    etag-support: true
    disable-udp: false  
    allow-insecure: true    
    skip-cert-verify: true   
  G6:
    type: http
    url: "https://ldld.whtjdasha.com/api/v1/client/subscribe?token=6b69e6bc9bc793ea90db235e89a649d5"
    path: "./proxies/G6.yaml"
    etag-support: true
    disable-udp: false  
    allow-insecure: true    
    skip-cert-verify: true   
  G7:
    type: http
    url: "https://sfdr.zaixianyouxi.dpdns.org/uploads/2026/3/20260308.txt"
    path: "./proxies/G7.yaml"
    etag-support: true
    disable-udp: false  
    allow-insecure: true    
    skip-cert-verify: true   

proxy-groups:
  - name: "General"
    type: url-test
    disable-udp: false
    skip-cert-verify: true
    allow-insecure: true
    url: "https://gstatic.com/generate_204"
    interval: 150
    tolerance: 50 
    exclude-filter: "(?i)(b2n.ir|v2ray-configs)"
 #   exclude-filter: "(?i)(trojan|🇭🇰|HK|HongKong|香港|HK-|HONG_KONG|hkt|hkbn|\\[trojan\\]|\\(trojan\\)|\\(tj\\)|\\[tj\\])"
  #  filter: "(?i)(🇸🇬|SG|Singapore)"
  #  filter: "(?i)(Japan|🇯🇵|JP|🇸🇬|SG|Singapore)"
        
    include-all: true
      
rule-providers:
  AntiAd:
    type: http
    behavior: domain
    format: yaml
    url: "https://raw.githubusercontent.com/privacy-protection-tools/anti-AD/refs/heads/master/anti-ad-clash.yaml"
    path: "./rules/AntiAd.yaml"
    interval: 86400  
    payload: []
  AntiAdBlock:
    type: http
    behavior: domain
    format: yaml
    url: "https://raw.githubusercontent.com/privacy-protection-tools/anti-AD/master/anti-ad-clash.yaml"
    path: "./rules/AntiAdBlock.yaml"
    interval: 86400
  AdBlocker:
    type: http
    format: text
    behavior: domain
    url: "https://raw.githubusercontent.com/Loyalsoldier/clash-rules/release/reject.txt"
    path: "./rules/reject.txt"
    interval: 86400
    payload: []
rules:
  - DOMAIN-KEYWORD,git,DIRECT
  - DOMAIN-KEYWORD,githubusercontent,DIRECT

  - DOMAIN-SUFFIX,crashlytics.com,General
  - PROCESS-NAME,mm.com.mptvas,DIRECT
  - PROCESS-NAME,com.kbzbank.kpaycustomer,DIRECT
 
  - DOMAIN-SUFFIX,facebook.net, REJECT-DROP 
  - DOMAIN,pixel.facebook.com, REJECT-DROP 
  - DOMAIN,tr.facebook.com, REJECT-DROP 
  - DOMAIN,gateway.facebook.com, REJECT-DROP 
  - DOMAIN-SUFFIX,atdmt.com, REJECT-DROP 
  - DOMAIN-KEYWORD,ad-delivery,REJECT-DROP
  - DOMAIN-KEYWORD,ad-video,REJECT-DROP
  - DOMAIN-KEYWORD,ads-internal,REJECT-DROP  
  - DOMAIN,vbsdkgc.com,REJECT-DROP
  - DOMAIN,md6tu.com,REJECT-DROP    
  - DOMAIN,analytics.us.tiktok.com,REJECT-DROP
  - DOMAIN,com.google.android.adservices.api,REJECT-DROP
  - DOMAIN-SUFFIX,adtrafficquality.google,REJECT-DROP 
  - DOMAIN,www.googleadservices.com, REJECT-DROP 
  - DOMAIN,fundingchoicesmessages.google.com,REJECT-DROP 
  - DOMAIN,google-analytics.com,REJECT
  - DOMAIN-SUFFIX,blcdog.com,REJECT
  - DOMAIN-SUFFIX,advolve.io,REJECT
  - DOMAIN-SUFFIX,adster.tech,REJECT
  - DOMAIN,fapchatvip.com,REJECT
  - DOMAIN-SUFFIX,growcdnssedge.com,REJECT
  - DOMAIN-SUFFIX,myavlive.com,REJECT
  - DOMAIN,stripchat.org,REJECT
  - DOMAIN-SUFFIX,tradplusad.com,REJECT 
  - DOMAIN-SUFFIX,appsflyersdk.com,REJECT 
  - DOMAIN-SUFFIX,pangle.io,REJECT
  - DOMAIN-SUFFIX,i18n-pglstatp.com,REJECT
  - DOMAIN-SUFFIX,dtscdn.com,REJECT
  - DOMAIN-SUFFIX,adsrvr.org,REJECT
  - DOMAIN-SUFFIX,a-ads.com,REJECT
  - DOMAIN-SUFFIX,mrktmtrcs.net,REJECT
  - DOMAIN-SUFFIX,dtscout.com,REJECT
  - DOMAIN,388gaming.info,REJECT
  - DOMAIN,388mm.info,REJECT
  - DOMAIN-SUFFIX,histats.com,REJECT
  
  - RULE-SET,AdBlocker,REJECT-DROP 
  - RULE-SET,AntiAd,REJECT-DROP 
  - RULE-SET,AntiAdBlock,REJECT-DROP
  - GEOSITE,CATEGORY-ADS-ALL,REJECT-DROP 
  - GEOSITE,CATEGORY-ADS,REJECT-DROP 
  - GEOSITE,FACEBOOK-ADS,REJECT-DROP
  - GEOSITE,META-ADS,REJECT-DROP
  - GEOSITE,GOOGLE-ADS,REJECT-DROP 

  - MATCH,General
